Microsoft Visual Studio Solution File, Format Version 12.00
# Visual Studio 15
VisualStudioVersion = 15.0.26124.0
MinimumVisualStudioVersion = 15.0.26124.0
<% for (project of projects) { %>Project("{<%= solutionId %>}") = "<%= project.name %>", "<%= project.path %>", "{<%= project.buildId %>}"
EndProject
<% } %>Global
	GlobalSection(SolutionConfigurationPlatforms) = preSolution
		Debug|Any CPU = Debug|Any CPU
		Debug|x64 = Debug|x64
		Debug|x86 = Debug|x86
		Release|Any CPU = Release|Any CPU
		Release|x64 = Release|x64
		Release|x86 = Release|x86
	EndGlobalSection
	GlobalSection(SolutionProperties) = postSolution
    <% for (project of projects) { %>{<%= project.buildId %>}.Debug|Any CPU.ActiveCfg = Debug|Any CPU
    {<%= project.buildId %>}.Debug|Any CPU.Build.0 = Debug|Any CPU
    {<%= project.buildId %>}.Debug|x64 CPU.ActiveCfg = Debug|x64
    {<%= project.buildId %>}.Debug|x64 CPU.Build.0 = Debug|x64
    {<%= project.buildId %>}.Debug|x86 CPU.ActiveCfg = Debug|x86
    {<%= project.buildId %>}.Debug|x86 CPU.Build.0 = Debug|x86
    {<%= project.buildId %>}.Release|Any CPU.ActiveCfg = Release|Any CPU
    {<%= project.buildId %>}.Release|Any CPU.Build.0 = Release|Any CPU
    {<%= project.buildId %>}.Release|x64 CPU.ActiveCfg = Release|x64
    {<%= project.buildId %>}.Release|x64 CPU.Build.0 = Release|x64
    {<%= project.buildId %>}.Release|x86 CPU.ActiveCfg = Release|x86
    {<%= project.buildId %>}.Release|x86 CPU.Build.0 = Release|x86
    <% } %>HideSolutionNode = FALSE
	EndGlobalSection
EndGlobal
